
Microsoft Visual Studio Solution File, Format Version 12.00
# Visual Studio Version 16
VisualStudioVersion = 16.0.31515.178
MinimumVisualStudioVersion = 10.0.40219.1
Project("{9A19103F-16F7-4668-BE54-9A1E7A4F7556}") = "AntlrCodeGenerator", "AntlrCodeGenerator.csproj", "{061D1594-EEC3-442A-ABA1-E6622EE95832}"
EndProject
Global
	GlobalSection(SolutionConfigurationPlatforms) = preSolution
		Debug|Any CPU = Debug|Any CPU
		Release|Any CPU = Release|Any CPU
	EndGlobalSection
	GlobalSection(ProjectConfigurationPlatforms) = postSolution
		{061D1594-EEC3-442A-ABA1-E6622EE95832}.Debug|Any CPU.ActiveCfg = Debug|Any CPU
		{061D1594-EEC3-442A-ABA1-E6622EE95832}.Debug|Any CPU.Build.0 = Debug|Any CPU
		{061D1594-EEC3-442A-ABA1-E6622EE95832}.Release|Any CPU.ActiveCfg = Release|Any CPU
		{061D1594-EEC3-442A-ABA1-E6622EE95832}.Release|Any CPU.Build.0 = Release|Any CPU
	EndGlobalSection
	GlobalSection(SolutionProperties) = preSolution
		HideSolutionNode = FALSE
	EndGlobalSection
	GlobalSection(ExtensibilityGlobals) = postSolution
		SolutionGuid = {AFD34875-1F75-41B9-B131-0D87D9E9DA79}
	EndGlobalSection
EndGlobal
